// !$*UTF8*$!
{
	archiveVersion = 1;
	classes = {
	};
	objectVersion = 55;
	objects = {

/* Begin PBXBuildFile section */
		04407BA62796134700214E97 /* CustomExtensions.swift in Sources */ = {isa = PBXBuildFile; fileRef = 04407BA52796134700214E97 /* CustomExtensions.swift */; };
		047C720027972A550013BA1B /* APICallsManager.swift in Sources */ = {isa = PBXBuildFile; fileRef = 047C71FF27972A550013BA1B /* APICallsManager.swift */; };
		04A026A1279739DF0043A2DF /* ExchangeData.swift in Sources */ = {isa = PBXBuildFile; fileRef = 04A026A0279739DF0043A2DF /* ExchangeData.swift */; };
		04A026A327976F190043A2DF /* CurrencyRate.swift in Sources */ = {isa = PBXBuildFile; fileRef = 04A026A227976F190043A2DF /* CurrencyRate.swift */; };
		04CEC3642798C4440063C8D6 /* DBManager.swift in Sources */ = {isa = PBXBuildFile; fileRef = 04CEC3632798C4440063C8D6 /* DBManager.swift */; };
		04FFC955279596CD0010E63F /* AppDelegate.swift in Sources */ = {isa = PBXBuildFile; fileRef = 04FFC954279596CD0010E63F /* AppDelegate.swift */; };
		04FFC957279596CD0010E63F /* SceneDelegate.swift in Sources */ = {isa = PBXBuildFile; fileRef = 04FFC956279596CD0010E63F /* SceneDelegate.swift */; };
		04FFC959279596CD0010E63F /* CurrencyConverterViewController.swift in Sources */ = {isa = PBXBuildFile; fileRef = 04FFC958279596CD0010E63F /* CurrencyConverterViewController.swift */; };
		04FFC95C279596CD0010E63F /* Main.storyboard in Resources */ = {isa = PBXBuildFile; fileRef = 04FFC95A279596CD0010E63F /* Main.storyboard */; };
		04FFC95E279596CF0010E63F /* Assets.xcassets in Resources */ = {isa = PBXBuildFile; fileRef = 04FFC95D279596CF0010E63F /* Assets.xcassets */; };
		04FFC961279596CF0010E63F /* LaunchScreen.storyboard in Resources */ = {isa = PBXBuildFile; fileRef = 04FFC95F279596CF0010E63F /* LaunchScreen.storyboard */; };
		DCA1CE7E6255356B2EB27B82 /* Pods_CurrencyConverter.framework in Frameworks */ = {isa = PBXBuildFile; fileRef = 44428B91DFC0CCCBF8B0CDE2 /* Pods_CurrencyConverter.framework */; };
/* End PBXBuildFile section */

/* Begin PBXFileReference section */
		04407BA52796134700214E97 /* CustomExtensions.swift */ = {isa = PBXFileReference; fileEncoding = 4; lastKnownFileType = sourcecode.swift; path = CustomExtensions.swift; sourceTree = "<group>"; };
		047C71FF27972A550013BA1B /* APICallsManager.swift */ = {isa = PBXFileReference; lastKnownFileType = sourcecode.swift; path = APICallsManager.swift; sourceTree = "<group>"; };
		04A026A0279739DF0043A2DF /* ExchangeData.swift */ = {isa = PBXFileReference; lastKnownFileType = sourcecode.swift; path = ExchangeData.swift; sourceTree = "<group>"; };
		04A026A227976F190043A2DF /* CurrencyRate.swift */ = {isa = PBXFileReference; lastKnownFileType = sourcecode.swift; path = CurrencyRate.swift; sourceTree = "<group>"; };
		04CEC3632798C4440063C8D6 /* DBManager.swift */ = {isa = PBXFileReference; lastKnownFileType = sourcecode.swift; path = DBManager.swift; sourceTree = "<group>"; };
		04FFC951279596CC0010E63F /* CurrencyConverter.app */ = {isa = PBXFileReference; explicitFileType = wrapper.application; includeInIndex = 0; path = CurrencyConverter.app; sourceTree = BUILT_PRODUCTS_DIR; };
		04FFC954279596CD0010E63F /* AppDelegate.swift */ = {isa = PBXFileReference; lastKnownFileType = sourcecode.swift; path = AppDelegate.swift; sourceTree = "<group>"; };
		04FFC956279596CD0010E63F /* SceneDelegate.swift */ = {isa = PBXFileReference; lastKnownFileType = sourcecode.swift; path = SceneDelegate.swift; sourceTree = "<group>"; };
		04FFC958279596CD0010E63F /* CurrencyConverterViewController.swift */ = {isa = PBXFileReference; lastKnownFileType = sourcecode.swift; path = CurrencyConverterViewController.swift; sourceTree = "<group>"; };
		04FFC95B279596CD0010E63F /* Base */ = {isa = PBXFileReference; lastKnownFileType = file.storyboard; name = Base; path = Base.lproj/Main.storyboard; sourceTree = "<group>"; };
		04FFC95D279596CF0010E63F /* Assets.xcassets */ = {isa = PBXFileReference; lastKnownFileType = folder.assetcatalog; path = Assets.xcassets; sourceTree = "<group>"; };
		04FFC960279596CF0010E63F /* Base */ = {isa = PBXFileReference; lastKnownFileType = file.storyboard; name = Base; path = Base.lproj/LaunchScreen.storyboard; sourceTree = "<group>"; };
		04FFC962279596CF0010E63F /* Info.plist */ = {isa = PBXFileReference; lastKnownFileType = text.plist.xml; path = Info.plist; sourceTree = "<group>"; };
		44428B91DFC0CCCBF8B0CDE2 /* Pods_CurrencyConverter.framework */ = {isa = PBXFileReference; explicitFileType = wrapper.framework; includeInIndex = 0; path = Pods_CurrencyConverter.framework; sourceTree = BUILT_PRODUCTS_DIR; };
		49854FAC2FFC7EF8D82541EF /* Pods-CurrencyConverter.release.xcconfig */ = {isa = PBXFileReference; includeInIndex = 1; lastKnownFileType = text.xcconfig; name = "Pods-CurrencyConverter.release.xcconfig"; path = "Target Support Files/Pods-CurrencyConverter/Pods-CurrencyConverter.release.xcconfig"; sourceTree = "<group>"; };
		8F3245AB7184DA40F956006B /* Pods-CurrencyConverter.debug.xcconfig */ = {isa = PBXFileReference; includeInIndex = 1; lastKnownFileType = text.xcconfig; name = "Pods-CurrencyConverter.debug.xcconfig"; path = "Target Support Files/Pods-CurrencyConverter/Pods-CurrencyConverter.debug.xcconfig"; sourceTree = "<group>"; };
/* End PBXFileReference section */

/* Begin PBXFrameworksBuildPhase section */
		04FFC94E279596CC0010E63F /* Frameworks */ = {
			isa = PBXFrameworksBuildPhase;
			buildActionMask = 2147483647;
			files = (
				DCA1CE7E6255356B2EB27B82 /* Pods_CurrencyConverter.framework in Frameworks */,
			);
			runOnlyForDeploymentPostprocessing = 0;
		};
/* End PBXFrameworksBuildPhase section */

/* Begin PBXGroup section */
		047C71F9279721E20013BA1B /* Models */ = {
			isa = PBXGroup;
			children = (
				04A026A0279739DF0043A2DF /* ExchangeData.swift */,
				04A026A227976F190043A2DF /* CurrencyRate.swift */,
			);
			path = Models;
			sourceTree = "<group>";
		};
		047C71FB279721F50013BA1B /* Views */ = {
			isa = PBXGroup;
			children = (
				04FFC95A279596CD0010E63F /* Main.storyboard */,
				04FFC95F279596CF0010E63F /* LaunchScreen.storyboard */,
			);
			path = Views;
			sourceTree = "<group>";
		};
		047C71FC279721FC0013BA1B /* Controllers */ = {
			isa = PBXGroup;
			children = (
				04FFC958279596CD0010E63F /* CurrencyConverterViewController.swift */,
			);
			path = Controllers;
			sourceTree = "<group>";
		};
		047C71FD279722090013BA1B /* Others */ = {
			isa = PBXGroup;
			children = (
				047C71FE279722400013BA1B /* Utils */,
				04FFC954279596CD0010E63F /* AppDelegate.swift */,
				04FFC956279596CD0010E63F /* SceneDelegate.swift */,
				04FFC95D279596CF0010E63F /* Assets.xcassets */,
			);
			path = Others;
			sourceTree = "<group>";
		};
		047C71FE279722400013BA1B /* Utils */ = {
			isa = PBXGroup;
			children = (
				04407BA52796134700214E97 /* CustomExtensions.swift */,
				047C71FF27972A550013BA1B /* APICallsManager.swift */,
				04CEC3632798C4440063C8D6 /* DBManager.swift */,
			);
			path = Utils;
			sourceTree = "<group>";
		};
		04FFC948279596CC0010E63F = {
			isa = PBXGroup;
			children = (
				04FFC953279596CD0010E63F /* CurrencyConverter */,
				04FFC952279596CD0010E63F /* Products */,
				EC461875B777AA5CC8D589AC /* Pods */,
				05D6F76F9388D2B288C7071E /* Frameworks */,
			);
			sourceTree = "<group>";
		};
		04FFC952279596CD0010E63F /* Products */ = {
			isa = PBXGroup;
			children = (
				04FFC951279596CC0010E63F /* CurrencyConverter.app */,
			);
			name = Products;
			sourceTree = "<group>";
		};
		04FFC953279596CD0010E63F /* CurrencyConverter */ = {
			isa = PBXGroup;
			children = (
				047C71FD279722090013BA1B /* Others */,
				047C71FC279721FC0013BA1B /* Controllers */,
				047C71FB279721F50013BA1B /* Views */,
				047C71F9279721E20013BA1B /* Models */,
				04FFC962279596CF0010E63F /* Info.plist */,
			);
			path = CurrencyConverter;
			sourceTree = "<group>";
		};
		05D6F76F9388D2B288C7071E /* Frameworks */ = {
			isa = PBXGroup;
			children = (
				44428B91DFC0CCCBF8B0CDE2 /* Pods_CurrencyConverter.framework */,
			);
			name = Frameworks;
			sourceTree = "<group>";
		};
		EC461875B777AA5CC8D589AC /* Pods */ = {
			isa = PBXGroup;
			children = (
				8F3245AB7184DA40F956006B /* Pods-CurrencyConverter.debug.xcconfig */,
				49854FAC2FFC7EF8D82541EF /* Pods-CurrencyConverter.release.xcconfig */,
			);
			path = Pods;
			sourceTree = "<group>";
		};
/* End PBXGroup section */

/* Begin PBXNativeTarget section */
		04FFC950279596CC0010E63F /* CurrencyConverter */ = {
			isa = PBXNativeTarget;
			buildConfigurationList = 04FFC965279596CF0010E63F /* Build configuration list for PBXNativeTarget "CurrencyConverter" */;
			buildPhases = (
				D54DA6916AF48106CED0F41A /* [CP] Check Pods Manifest.lock */,
				04FFC94D279596CC0010E63F /* Sources */,
				04FFC94E279596CC0010E63F /* Frameworks */,
				04FFC94F279596CC0010E63F /* Resources */,
				2EE74D6DC8BBA93DFFE2501E /* [CP] Embed Pods Frameworks */,
			);
			buildRules = (
			);
			dependencies = (
			);
			name = CurrencyConverter;
			productName = CurrencyConverter;
			productReference = 04FFC951279596CC0010E63F /* CurrencyConverter.app */;
			productType = "com.apple.product-type.application";
		};
/* End PBXNativeTarget section */

/* Begin PBXProject section */
		04FFC949279596CC0010E63F /* Project object */ = {
			isa = PBXProject;
			attributes = {
				BuildIndependentTargetsInParallel = 1;
				LastSwiftUpdateCheck = 1310;
				LastUpgradeCheck = 1310;
				TargetAttributes = {
					04FFC950279596CC0010E63F = {
						CreatedOnToolsVersion = 13.1;
					};
				};
			};
			buildConfigurationList = 04FFC94C279596CC0010E63F /* Build configuration list for PBXProject "CurrencyConverter" */;
			compatibilityVersion = "Xcode 13.0";
			developmentRegion = en;
			hasScannedForEncodings = 0;
			knownRegions = (
				en,
				Base,
			);
			mainGroup = 04FFC948279596CC0010E63F;
			productRefGroup = 04FFC952279596CD0010E63F /* Products */;
			projectDirPath = "";
			projectRoot = "";
			targets = (
				04FFC950279596CC0010E63F /* CurrencyConverter */,
			);
		};
/* End PBXProject section */

/* Begin PBXResourcesBuildPhase section */
		04FFC94F279596CC0010E63F /* Resources */ = {
			isa = PBXResourcesBuildPhase;
			buildActionMask = 2147483647;
			files = (
				04FFC961279596CF0010E63F /* LaunchScreen.storyboard in Resources */,
				04FFC95E279596CF0010E63F /* Assets.xcassets in Resources */,
				04FFC95C279596CD0010E63F /* Main.storyboard in Resources */,
			);
			runOnlyForDeploymentPostprocessing = 0;
		};
/* End PBXResourcesBuildPhase section */

/* Begin PBXShellScriptBuildPhase section */
		2EE74D6DC8BBA93DFFE2501E /* [CP] Embed Pods Frameworks */ = {
			isa = PBXShellScriptBuildPhase;
			buildActionMask = 2147483647;
			files = (
			);
			inputFileListPaths = (
				"${PODS_ROOT}/Target Support Files/Pods-CurrencyConverter/Pods-CurrencyConverter-frameworks-${CONFIGURATION}-input-files.xcfilelist",
			);
			name = "[CP] Embed Pods Frameworks";
			outputFileListPaths = (
				"${PODS_ROOT}/Target Support Files/Pods-CurrencyConverter/Pods-CurrencyConverter-frameworks-${CONFIGURATION}-output-files.xcfilelist",
			);
			runOnlyForDeploymentPostprocessing = 0;
			shellPath = /bin/sh;
			shellScript = "\"${PODS_ROOT}/Target Support Files/Pods-CurrencyConverter/Pods-CurrencyConverter-frameworks.sh\"\n";
			showEnvVarsInLog = 0;
		};
		D54DA6916AF48106CED0F41A /* [CP] Check Pods Manifest.lock */ = {
			isa = PBXShellScriptBuildPhase;
			buildActionMask = 2147483647;
			files = (
			);
			inputFileListPaths = (
			);
			inputPaths = (
				"${PODS_PODFILE_DIR_PATH}/Podfile.lock",
				"${PODS_ROOT}/Manifest.lock",
			);
			name = "[CP] Check Pods Manifest.lock";
			outputFileListPaths = (
			);
			outputPaths = (
				"$(DERIVED_FILE_DIR)/Pods-CurrencyConverter-checkManifestLockResult.txt",
			);
			runOnlyForDeploymentPostprocessing = 0;
			shellPath = /bin/sh;
			shellScript = "diff \"${PODS_PODFILE_DIR_PATH}/Podfile.lock\" \"${PODS_ROOT}/Manifest.lock\" > /dev/null\nif [ $? != 0 ] ; then\n    # print error to STDERR\n    echo \"error: The sandbox is not in sync with the Podfile.lock. Run 'pod install' or update your CocoaPods installation.\" >&2\n    exit 1\nfi\n# This output is used by Xcode 'outputs' to avoid re-running this script phase.\necho \"SUCCESS\" > \"${SCRIPT_OUTPUT_FILE_0}\"\n";
			showEnvVarsInLog = 0;
		};
/* End PBXShellScriptBuildPhase section */

/* Begin PBXSourcesBuildPhase section */
		04FFC94D279596CC0010E63F /* Sources */ = {
			isa = PBXSourcesBuildPhase;
			buildActionMask = 2147483647;
			files = (
				04407BA62796134700214E97 /* CustomExtensions.swift in Sources */,
				04A026A327976F190043A2DF /* CurrencyRate.swift in Sources */,
				04FFC959279596CD0010E63F /* CurrencyConverterViewController.swift in Sources */,
				04CEC3642798C4440063C8D6 /* DBManager.swift in Sources */,
				04A026A1279739DF0043A2DF /* ExchangeData.swift in Sources */,
				047C720027972A550013BA1B /* APICallsManager.swift in Sources */,
				04FFC955279596CD0010E63F /* AppDelegate.swift in Sources */,
				04FFC957279596CD0010E63F /* SceneDelegate.swift in Sources */,
			);
			runOnlyForDeploymentPostprocessing = 0;
		};
/* End PBXSourcesBuildPhase section */

/* Begin PBXVariantGroup section */
		04FFC95A279596CD0010E63F /* Main.storyboard */ = {
			isa = PBXVariantGroup;
			children = (
				04FFC95B279596CD0010E63F /* Base */,
			);
			name = Main.storyboard;
			sourceTree = "<group>";
		};
		04FFC95F279596CF0010E63F /* LaunchScreen.storyboard */ = {
			isa = PBXVariantGroup;
			children = (
				04FFC960279596CF0010E63F /* Base */,
			);
			name = LaunchScreen.storyboard;
			sourceTree = "<group>";
		};
/* End PBXVariantGroup section */

/* Begin XCBuildConfiguration section */
		04FFC963279596CF0010E63F /* Debug */ = {
			isa = XCBuildConfiguration;
			buildSettings = {
				ALWAYS_SEARCH_USER_PATHS = NO;
				CLANG_ANALYZER_NONNULL = YES;
				CLANG_ANALYZER_NUMBER_OBJECT_CONVERSION = YES_AGGRESSIVE;
				CLANG_CXX_LANGUAGE_STANDARD = "gnu++17";
				CLANG_CXX_LIBRARY = "libc++";
				CLANG_ENABLE_MODULES = YES;
				CLANG_ENABLE_OBJC_ARC = YES;
				CLANG_ENABLE_OBJC_WEAK = YES;
				CLANG_WARN_BLOCK_CAPTURE_AUTORELEASING = YES;
				CLANG_WARN_BOOL_CONVERSION = YES;
				CLANG_WARN_COMMA = YES;
				CLANG_WARN_CONSTANT_CONVERSION = YES;
				CLANG_WARN_DEPRECATED_OBJC_IMPLEMENTATIONS = YES;
				CLANG_WARN_DIRECT_OBJC_ISA_USAGE = YES_ERROR;
				CLANG_WARN_DOCUMENTATION_COMMENTS = YES;
				CLANG_WARN_EMPTY_BODY = YES;
				CLANG_WARN_ENUM_CONVERSION = YES;
				CLANG_WARN_INFINITE_RECURSION = YES;
				CLANG_WARN_INT_CONVERSION = YES;
				CLANG_WARN_NON_LITERAL_NULL_CONVERSION = YES;
				CLANG_WARN_OBJC_IMPLICIT_RETAIN_SELF = YES;
				CLANG_WARN_OBJC_LITERAL_CONVERSION = YES;
				CLANG_WARN_OBJC_ROOT_CLASS = YES_ERROR;
				CLANG_WARN_QUOTED_INCLUDE_IN_FRAMEWORK_HEADER = YES;
				CLANG_WARN_RANGE_LOOP_ANALYSIS = YES;
				CLANG_WARN_STRICT_PROTOTYPES = YES;
				CLANG_WARN_SUSPICIOUS_MOVE = YES;
				CLANG_WARN_UNGUARDED_AVAILABILITY = YES_AGGRESSIVE;
				CLANG_WARN_UNREACHABLE_CODE = YES;
				CLANG_WARN__DUPLICATE_METHOD_MATCH = YES;
				COPY_PHASE_STRIP = NO;
				DEBUG_INFORMATION_FORMAT = dwarf;
				ENABLE_STRICT_OBJC_MSGSEND = YES;
				ENABLE_TESTABILITY = YES;
				GCC_C_LANGUAGE_STANDARD = gnu11;
				GCC_DYNAMIC_NO_PIC = NO;
				GCC_NO_COMMON_BLOCKS = YES;
				GCC_OPTIMIZATION_LEVEL = 0;
				GCC_PREPROCESSOR_DEFINITIONS = (
					"DEBUG=1",
					"$(inherited)",
				);
				GCC_WARN_64_TO_32_BIT_CONVERSION = YES;
				GCC_WARN_ABOUT_RETURN_TYPE = YES_ERROR;
				GCC_WARN_UNDECLARED_SELECTOR = YES;
				GCC_WARN_UNINITIALIZED_AUTOS = YES_AGGRESSIVE;
				GCC_WARN_UNUSED_FUNCTION = YES;
				GCC_WARN_UNUSED_VARIABLE = YES;
				IPHONEOS_DEPLOYMENT_TARGET = 13.0;
				MTL_ENABLE_DEBUG_INFO = INCLUDE_SOURCE;
				MTL_FAST_MATH = YES;
				ONLY_ACTIVE_ARCH = YES;
				SDKROOT = iphoneos;
				SWIFT_ACTIVE_COMPILATION_CONDITIONS = DEBUG;
				SWIFT_OPTIMIZATION_LEVEL = "-Onone";
			};
			name = Debug;
		};
		04FFC964279596CF0010E63F /* Release */ = {
			isa = XCBuildConfiguration;
			buildSettings = {
				ALWAYS_SEARCH_USER_PATHS = NO;
				CLANG_ANALYZER_NONNULL = YES;
				CLANG_ANALYZER_NUMBER_OBJECT_CONVERSION = YES_AGGRESSIVE;
				CLANG_CXX_LANGUAGE_STANDARD = "gnu++17";
				CLANG_CXX_LIBRARY = "libc++";
				CLANG_ENABLE_MODULES = YES;
				CLANG_ENABLE_OBJC_ARC = YES;
				CLANG_ENABLE_OBJC_WEAK = YES;
				CLANG_WARN_BLOCK_CAPTURE_AUTORELEASING = YES;
				CLANG_WARN_BOOL_CONVERSION = YES;
				CLANG_WARN_COMMA = YES;
				CLANG_WARN_CONSTANT_CONVERSION = YES;
				CLANG_WARN_DEPRECATED_OBJC_IMPLEMENTATIONS = YES;
				CLANG_WARN_DIRECT_OBJC_ISA_USAGE = YES_ERROR;
				CLANG_WARN_DOCUMENTATION_COMMENTS = YES;
				CLANG_WARN_EMPTY_BODY = YES;
				CLANG_WARN_ENUM_CONVERSION = YES;
				CLANG_WARN_INFINITE_RECURSION = YES;
				CLANG_WARN_INT_CONVERSION = YES;
				CLANG_WARN_NON_LITERAL_NULL_CONVERSION = YES;
				CLANG_WARN_OBJC_IMPLICIT_RETAIN_SELF = YES;
				CLANG_WARN_OBJC_LITERAL_CONVERSION = YES;
				CLANG_WARN_OBJC_ROOT_CLASS = YES_ERROR;
				CLANG_WARN_QUOTED_INCLUDE_IN_FRAMEWORK_HEADER = YES;
				CLANG_WARN_RANGE_LOOP_ANALYSIS = YES;
				CLANG_WARN_STRICT_PROTOTYPES = YES;
				CLANG_WARN_SUSPICIOUS_MOVE = YES;
				CLANG_WARN_UNGUARDED_AVAILABILITY = YES_AGGRESSIVE;
				CLANG_WARN_UNREACHABLE_CODE = YES;
				CLANG_WARN__DUPLICATE_METHOD_MATCH = YES;
				COPY_PHASE_STRIP = NO;
				DEBUG_INFORMATION_FORMAT = "dwarf-with-dsym";
				ENABLE_NS_ASSERTIONS = NO;
				ENABLE_STRICT_OBJC_MSGSEND = YES;
				GCC_C_LANGUAGE_STANDARD = gnu11;
				GCC_NO_COMMON_BLOCKS = YES;
				GCC_WARN_64_TO_32_BIT_CONVERSION = YES;
				GCC_WARN_ABOUT_RETURN_TYPE = YES_ERROR;
				GCC_WARN_UNDECLARED_SELECTOR = YES;
				GCC_WARN_UNINITIALIZED_AUTOS = YES_AGGRESSIVE;
				GCC_WARN_UNUSED_FUNCTION = YES;
				GCC_WARN_UNUSED_VARIABLE = YES;
				IPHONEOS_DEPLOYMENT_TARGET = 13.0;
				MTL_ENABLE_DEBUG_INFO = NO;
				MTL_FAST_MATH = YES;
				SDKROOT = iphoneos;
				SWIFT_COMPILATION_MODE = wholemodule;
				SWIFT_OPTIMIZATION_LEVEL = "-O";
				VALIDATE_PRODUCT = YES;
			};
			name = Release;
		};
		04FFC966279596CF0010E63F /* Debug */ = {
			isa = XCBuildConfiguration;
			baseConfigurationReference = 8F3245AB7184DA40F956006B /* Pods-CurrencyConverter.debug.xcconfig */;
			buildSettings = {
				ASSETCATALOG_COMPILER_APPICON_NAME = AppIcon;
				ASSETCATALOG_COMPILER_GLOBAL_ACCENT_COLOR_NAME = AccentColor;
				CODE_SIGN_STYLE = Automatic;
				CURRENT_PROJECT_VERSION = 1;
				DEVELOPMENT_TEAM = NZGWK8HF2W;
				GENERATE_INFOPLIST_FILE = YES;
				INFOPLIST_FILE = CurrencyConverter/Info.plist;
				INFOPLIST_KEY_UIApplicationSupportsIndirectInputEvents = YES;
				INFOPLIST_KEY_UILaunchStoryboardName = LaunchScreen;
				INFOPLIST_KEY_UIMainStoryboardFile = Main;
				INFOPLIST_KEY_UISupportedInterfaceOrientations = UIInterfaceOrientationPortrait;
				INFOPLIST_KEY_UISupportedInterfaceOrientations_iPad = "UIInterfaceOrientationPortrait UIInterfaceOrientationPortraitUpsideDown UIInterfaceOrientationLandscapeLeft UIInterfaceOrientationLandscapeRight";
				INFOPLIST_KEY_UISupportedInterfaceOrientations_iPhone = "UIInterfaceOrientationPortrait UIInterfaceOrientationLandscapeLeft UIInterfaceOrientationLandscapeRight";
				IPHONEOS_DEPLOYMENT_TARGET = 13.0;
				LD_RUNPATH_SEARCH_PATHS = (
					"$(inherited)",
					"@executable_path/Frameworks",
				);
				MARKETING_VERSION = 1.0;
				PRODUCT_BUNDLE_IDENTIFIER = com.virtue.CurrencyConverter;
				PRODUCT_NAME = "$(TARGET_NAME)";
				SWIFT_EMIT_LOC_STRINGS = YES;
				SWIFT_VERSION = 4.0;
				TARGETED_DEVICE_FAMILY = 1;
			};
			name = Debug;
		};
		04FFC967279596CF0010E63F /* Release */ = {
			isa = XCBuildConfiguration;
			baseConfigurationReference = 49854FAC2FFC7EF8D82541EF /* Pods-CurrencyConverter.release.xcconfig */;
			buildSettings = {
				ASSETCATALOG_COMPILER_APPICON_NAME = AppIcon;
				ASSETCATALOG_COMPILER_GLOBAL_ACCENT_COLOR_NAME = AccentColor;
				CODE_SIGN_STYLE = Automatic;
				CURRENT_PROJECT_VERSION = 1;
				DEVELOPMENT_TEAM = NZGWK8HF2W;
				GENERATE_INFOPLIST_FILE = YES;
				INFOPLIST_FILE = CurrencyConverter/Info.plist;
				INFOPLIST_KEY_UIApplicationSupportsIndirectInputEvents = YES;
				INFOPLIST_KEY_UILaunchStoryboardName = LaunchScreen;
				INFOPLIST_KEY_UIMainStoryboardFile = Main;
				INFOPLIST_KEY_UISupportedInterfaceOrientations = UIInterfaceOrientationPortrait;
				INFOPLIST_KEY_UISupportedInterfaceOrientations_iPad = "UIInterfaceOrientationPortrait UIInterfaceOrientationPortraitUpsideDown UIInterfaceOrientationLandscapeLeft UIInterfaceOrientationLandscapeRight";
				INFOPLIST_KEY_UISupportedInterfaceOrientations_iPhone = "UIInterfaceOrientationPortrait UIInterfaceOrientationLandscapeLeft UIInterfaceOrientationLandscapeRight";
				IPHONEOS_DEPLOYMENT_TARGET = 13.0;
				LD_RUNPATH_SEARCH_PATHS = (
					"$(inherited)",
					"@executable_path/Frameworks",
				);
				MARKETING_VERSION = 1.0;
				PRODUCT_BUNDLE_IDENTIFIER = com.virtue.CurrencyConverter;
				PRODUCT_NAME = "$(TARGET_NAME)";
				SWIFT_EMIT_LOC_STRINGS = YES;
				SWIFT_VERSION = 4.0;
				TARGETED_DEVICE_FAMILY = 1;
			};
			name = Release;
		};
/* End XCBuildConfiguration section */

/* Begin XCConfigurationList section */
		04FFC94C279596CC0010E63F /* Build configuration list for PBXProject "CurrencyConverter" */ = {
			isa = XCConfigurationList;
			buildConfigurations = (
				04FFC963279596CF0010E63F /* Debug */,
				04FFC964279596CF0010E63F /* Release */,
			);
			defaultConfigurationIsVisible = 0;
			defaultConfigurationName = Release;
		};
		04FFC965279596CF0010E63F /* Build configuration list for PBXNativeTarget "CurrencyConverter" */ = {
			isa = XCConfigurationList;
			buildConfigurations = (
				04FFC966279596CF0010E63F /* Debug */,
				04FFC967279596CF0010E63F /* Release */,
			);
			defaultConfigurationIsVisible = 0;
			defaultConfigurationName = Release;
		};
/* End XCConfigurationList section */
	};
	rootObject = 04FFC949279596CC0010E63F /* Project object */;
}
